
Microsoft Visual Studio Solution File, Format Version 12.00
# Visual Studio Version 16
VisualStudioVersion = 16.0.29709.97
MinimumVisualStudioVersion = 10.0.40219.1
Project("{FAE04EC0-301F-11D3-BF4B-00C04F79EFBC}") = "Stopwatch", "Stopwatch.csproj", "{C73ADF8F-8EDF-4F31-82D4-344CC9A243BB}"
EndProject
Global
	GlobalSection(SolutionConfigurationPlatforms) = preSolution
		Debug|Any CPU = Debug|Any CPU
		Release|Any CPU = Release|Any CPU
	EndGlobalSection
	GlobalSection(ProjectConfigurationPlatforms) = postSolution
		{C73ADF8F-8EDF-4F31-82D4-344CC9A243BB}.Debug|Any CPU.ActiveCfg = Debug|Any CPU
		{C73ADF8F-8EDF-4F31-82D4-344CC9A243BB}.Debug|Any CPU.Build.0 = Debug|Any CPU
		{C73ADF8F-8EDF-4F31-82D4-344CC9A243BB}.Release|Any CPU.ActiveCfg = Release|Any CPU
		{C73ADF8F-8EDF-4F31-82D4-344CC9A243BB}.Release|Any CPU.Build.0 = Release|Any CPU
	EndGlobalSection
	GlobalSection(SolutionProperties) = preSolution
		HideSolutionNode = FALSE
	EndGlobalSection
	GlobalSection(ExtensibilityGlobals) = postSolution
		SolutionGuid = {318B1EDB-0D94-4AC4-B0A3-794031372DBA}
	EndGlobalSection
EndGlobal
